
Microsoft Visual Studio Solution File, Format Version 12.00
# Visual Studio Version 16
VisualStudioVersion = 16.0.29926.136
MinimumVisualStudioVersion = 10.0.40219.1
Project("{FAE04EC0-301F-11D3-BF4B-00C04F79EFBC}") = "WebApplication1", "WebApplication1.csproj", "{07AA1271-5522-4C73-A6FE-BB85E747840F}"
EndProject
Global
	GlobalSection(SolutionConfigurationPlatforms) = preSolution
		Debug|Any CPU = Debug|Any CPU
		Release|Any CPU = Release|Any CPU
	EndGlobalSection
	GlobalSection(ProjectConfigurationPlatforms) = postSolution
		{07AA1271-5522-4C73-A6FE-BB85E747840F}.Debug|Any CPU.ActiveCfg = Debug|Any CPU
		{07AA1271-5522-4C73-A6FE-BB85E747840F}.Debug|Any CPU.Build.0 = Debug|Any CPU
		{07AA1271-5522-4C73-A6FE-BB85E747840F}.Release|Any CPU.ActiveCfg = Release|Any CPU
		{07AA1271-5522-4C73-A6FE-BB85E747840F}.Release|Any CPU.Build.0 = Release|Any CPU
	EndGlobalSection
	GlobalSection(SolutionProperties) = preSolution
		HideSolutionNode = FALSE
	EndGlobalSection
	GlobalSection(ExtensibilityGlobals) = postSolution
		SolutionGuid = {8C2A1AA9-597F-42B4-B5C1-D9B009805958}
	EndGlobalSection
EndGlobal
